// !$*UTF8*$!
{
	archiveVersion = 1;
	classes = {
	};
	objectVersion = 46;
	objects = {

/* Begin PBXBuildFile section */
		2509FD2E1DC157F7004463BC /* AccountViewController.swift in Sources */ = {isa = PBXBuildFile; fileRef = 2509FD2D1DC157F7004463BC /* AccountViewController.swift */; };
		2509FD301DC15800004463BC /* SettingViewController.swift in Sources */ = {isa = PBXBuildFile; fileRef = 2509FD2F1DC15800004463BC /* SettingViewController.swift */; };
		252245F61DB820A40011E4AB /* AppDelegate.swift in Sources */ = {isa = PBXBuildFile; fileRef = 252245F51DB820A40011E4AB /* AppDelegate.swift */; };
		252245FB1DB820A40011E4AB /* Main.storyboard in Resources */ = {isa = PBXBuildFile; fileRef = 252245F91DB820A40011E4AB /* Main.storyboard */; };
		252245FD1DB820A40011E4AB /* Assets.xcassets in Resources */ = {isa = PBXBuildFile; fileRef = 252245FC1DB820A40011E4AB /* Assets.xcassets */; };
		252246001DB820A40011E4AB /* LaunchScreen.storyboard in Resources */ = {isa = PBXBuildFile; fileRef = 252245FE1DB820A40011E4AB /* LaunchScreen.storyboard */; };
		2522460E1DB821D60011E4AB /* TimelineViewController.swift in Sources */ = {isa = PBXBuildFile; fileRef = 2522460D1DB821D60011E4AB /* TimelineViewController.swift */; };
		252246101DB821E10011E4AB /* DetailViewController.swift in Sources */ = {isa = PBXBuildFile; fileRef = 2522460F1DB821E10011E4AB /* DetailViewController.swift */; };
		252246141DB82DCE0011E4AB /* PhotoViewController.swift in Sources */ = {isa = PBXBuildFile; fileRef = 252246131DB82DCE0011E4AB /* PhotoViewController.swift */; };
		252246161DB82EFB0011E4AB /* MapViewController.swift in Sources */ = {isa = PBXBuildFile; fileRef = 252246151DB82EFB0011E4AB /* MapViewController.swift */; };
		25FCDFE31DC175F90059117D /* PhotolibraryViewController.swift in Sources */ = {isa = PBXBuildFile; fileRef = 25FCDFE21DC175F90059117D /* PhotolibraryViewController.swift */; };
/* End PBXBuildFile section */

/* Begin PBXFileReference section */
		2509FD2D1DC157F7004463BC /* AccountViewController.swift */ = {isa = PBXFileReference; fileEncoding = 4; lastKnownFileType = sourcecode.swift; path = AccountViewController.swift; sourceTree = "<group>"; };
		2509FD2F1DC15800004463BC /* SettingViewController.swift */ = {isa = PBXFileReference; fileEncoding = 4; lastKnownFileType = sourcecode.swift; path = SettingViewController.swift; sourceTree = "<group>"; };
		252245F21DB820A40011E4AB /* Pholo.app */ = {isa = PBXFileReference; explicitFileType = wrapper.application; includeInIndex = 0; path = Pholo.app; sourceTree = BUILT_PRODUCTS_DIR; };
		252245F51DB820A40011E4AB /* AppDelegate.swift */ = {isa = PBXFileReference; lastKnownFileType = sourcecode.swift; path = AppDelegate.swift; sourceTree = "<group>"; };
		252245FA1DB820A40011E4AB /* Base */ = {isa = PBXFileReference; lastKnownFileType = file.storyboard; name = Base; path = Base.lproj/Main.storyboard; sourceTree = "<group>"; };
		252245FC1DB820A40011E4AB /* Assets.xcassets */ = {isa = PBXFileReference; lastKnownFileType = folder.assetcatalog; path = Assets.xcassets; sourceTree = "<group>"; };
		252245FF1DB820A40011E4AB /* Base */ = {isa = PBXFileReference; lastKnownFileType = file.storyboard; name = Base; path = Base.lproj/LaunchScreen.storyboard; sourceTree = "<group>"; };
		252246011DB820A40011E4AB /* Info.plist */ = {isa = PBXFileReference; lastKnownFileType = text.plist.xml; path = Info.plist; sourceTree = "<group>"; };
		2522460D1DB821D60011E4AB /* TimelineViewController.swift */ = {isa = PBXFileReference; fileEncoding = 4; lastKnownFileType = sourcecode.swift; name = TimelineViewController.swift; path = Pholo/TimelineViewController.swift; sourceTree = "<group>"; };
		2522460F1DB821E10011E4AB /* DetailViewController.swift */ = {isa = PBXFileReference; fileEncoding = 4; lastKnownFileType = sourcecode.swift; name = DetailViewController.swift; path = Pholo/DetailViewController.swift; sourceTree = "<group>"; };
		252246131DB82DCE0011E4AB /* PhotoViewController.swift */ = {isa = PBXFileReference; fileEncoding = 4; lastKnownFileType = sourcecode.swift; name = PhotoViewController.swift; path = Pholo/PhotoViewController.swift; sourceTree = "<group>"; };
		252246151DB82EFB0011E4AB /* MapViewController.swift */ = {isa = PBXFileReference; fileEncoding = 4; lastKnownFileType = sourcecode.swift; name = MapViewController.swift; path = Pholo/MapViewController.swift; sourceTree = "<group>"; };
		25FCDFE21DC175F90059117D /* PhotolibraryViewController.swift */ = {isa = PBXFileReference; fileEncoding = 4; lastKnownFileType = sourcecode.swift; path = PhotolibraryViewController.swift; sourceTree = "<group>"; };
/* End PBXFileReference section */

/* Begin PBXFrameworksBuildPhase section */
		252245EF1DB820A40011E4AB /* Frameworks */ = {
			isa = PBXFrameworksBuildPhase;
			buildActionMask = 2147483647;
			files = (
			);
			runOnlyForDeploymentPostprocessing = 0;
		};
/* End PBXFrameworksBuildPhase section */

/* Begin PBXGroup section */
		252245E91DB820A40011E4AB = {
			isa = PBXGroup;
			children = (
				25FCDFE21DC175F90059117D /* PhotolibraryViewController.swift */,
				252246151DB82EFB0011E4AB /* MapViewController.swift */,
				252246131DB82DCE0011E4AB /* PhotoViewController.swift */,
				2509FD2F1DC15800004463BC /* SettingViewController.swift */,
				2522460F1DB821E10011E4AB /* DetailViewController.swift */,
				2509FD2D1DC157F7004463BC /* AccountViewController.swift */,
				2522460D1DB821D60011E4AB /* TimelineViewController.swift */,
				252245F41DB820A40011E4AB /* Pholo */,
				252245F31DB820A40011E4AB /* Products */,
			);
			sourceTree = "<group>";
		};
		252245F31DB820A40011E4AB /* Products */ = {
			isa = PBXGroup;
			children = (
				252245F21DB820A40011E4AB /* Pholo.app */,
			);
			name = Products;
			sourceTree = "<group>";
		};
		252245F41DB820A40011E4AB /* Pholo */ = {
			isa = PBXGroup;
			children = (
				252245F51DB820A40011E4AB /* AppDelegate.swift */,
				252245F91DB820A40011E4AB /* Main.storyboard */,
				252245FC1DB820A40011E4AB /* Assets.xcassets */,
				252245FE1DB820A40011E4AB /* LaunchScreen.storyboard */,
				252246011DB820A40011E4AB /* Info.plist */,
			);
			path = Pholo;
			sourceTree = "<group>";
		};
/* End PBXGroup section */

/* Begin PBXNativeTarget section */
		252245F11DB820A40011E4AB /* Pholo */ = {
			isa = PBXNativeTarget;
			buildConfigurationList = 252246041DB820A40011E4AB /* Build configuration list for PBXNativeTarget "Pholo" */;
			buildPhases = (
				252245EE1DB820A40011E4AB /* Sources */,
				252245EF1DB820A40011E4AB /* Frameworks */,
				252245F01DB820A40011E4AB /* Resources */,
			);
			buildRules = (
			);
			dependencies = (
			);
			name = Pholo;
			productName = Pholo;
			productReference = 252245F21DB820A40011E4AB /* Pholo.app */;
			productType = "com.apple.product-type.application";
		};
/* End PBXNativeTarget section */

/* Begin PBXProject section */
		252245EA1DB820A40011E4AB /* Project object */ = {
			isa = PBXProject;
			attributes = {
				LastSwiftUpdateCheck = 0800;
				LastUpgradeCheck = 0800;
				ORGANIZATIONNAME = "Perry He";
				TargetAttributes = {
					252245F11DB820A40011E4AB = {
						CreatedOnToolsVersion = 8.0;
						DevelopmentTeam = L7CKYAX7A4;
						ProvisioningStyle = Automatic;
					};
				};
			};
			buildConfigurationList = 252245ED1DB820A40011E4AB /* Build configuration list for PBXProject "Pholo" */;
			compatibilityVersion = "Xcode 3.2";
			developmentRegion = English;
			hasScannedForEncodings = 0;
			knownRegions = (
				en,
				Base,
			);
			mainGroup = 252245E91DB820A40011E4AB;
			productRefGroup = 252245F31DB820A40011E4AB /* Products */;
			projectDirPath = "";
			projectRoot = "";
			targets = (
				252245F11DB820A40011E4AB /* Pholo */,
			);
		};
/* End PBXProject section */

/* Begin PBXResourcesBuildPhase section */
		252245F01DB820A40011E4AB /* Resources */ = {
			isa = PBXResourcesBuildPhase;
			buildActionMask = 2147483647;
			files = (
				252246001DB820A40011E4AB /* LaunchScreen.storyboard in Resources */,
				252245FD1DB820A40011E4AB /* Assets.xcassets in Resources */,
				252245FB1DB820A40011E4AB /* Main.storyboard in Resources */,
			);
			runOnlyForDeploymentPostprocessing = 0;
		};
/* End PBXResourcesBuildPhase section */

/* Begin PBXSourcesBuildPhase section */
		252245EE1DB820A40011E4AB /* Sources */ = {
			isa = PBXSourcesBuildPhase;
			buildActionMask = 2147483647;
			files = (
				252245F61DB820A40011E4AB /* AppDelegate.swift in Sources */,
				252246141DB82DCE0011E4AB /* PhotoViewController.swift in Sources */,
				25FCDFE31DC175F90059117D /* PhotolibraryViewController.swift in Sources */,
				2509FD2E1DC157F7004463BC /* AccountViewController.swift in Sources */,
				2522460E1DB821D60011E4AB /* TimelineViewController.swift in Sources */,
				252246161DB82EFB0011E4AB /* MapViewController.swift in Sources */,
				2509FD301DC15800004463BC /* SettingViewController.swift in Sources */,
				252246101DB821E10011E4AB /* DetailViewController.swift in Sources */,
			);
			runOnlyForDeploymentPostprocessing = 0;
		};
/* End PBXSourcesBuildPhase section */

/* Begin PBXVariantGroup section */
		252245F91DB820A40011E4AB /* Main.storyboard */ = {
			isa = PBXVariantGroup;
			children = (
				252245FA1DB820A40011E4AB /* Base */,
			);
			name = Main.storyboard;
			sourceTree = "<group>";
		};
		252245FE1DB820A40011E4AB /* LaunchScreen.storyboard */ = {
			isa = PBXVariantGroup;
			children = (
				252245FF1DB820A40011E4AB /* Base */,
			);
			name = LaunchScreen.storyboard;
			sourceTree = "<group>";
		};
/* End PBXVariantGroup section */

/* Begin XCBuildConfiguration section */
		252246021DB820A40011E4AB /* Debug */ = {
			isa = XCBuildConfiguration;
			buildSettings = {
				ALWAYS_SEARCH_USER_PATHS = NO;
				CLANG_ANALYZER_NONNULL = YES;
				CLANG_CXX_LANGUAGE_STANDARD = "gnu++0x";
				CLANG_CXX_LIBRARY = "libc++";
				CLANG_ENABLE_MODULES = YES;
				CLANG_ENABLE_OBJC_ARC = YES;
				CLANG_WARN_BOOL_CONVERSION = YES;
				CLANG_WARN_CONSTANT_CONVERSION = YES;
				CLANG_WARN_DIRECT_OBJC_ISA_USAGE = YES_ERROR;
				CLANG_WARN_DOCUMENTATION_COMMENTS = YES;
				CLANG_WARN_EMPTY_BODY = YES;
				CLANG_WARN_ENUM_CONVERSION = YES;
				CLANG_WARN_INFINITE_RECURSION = YES;
				CLANG_WARN_INT_CONVERSION = YES;
				CLANG_WARN_OBJC_ROOT_CLASS = YES_ERROR;
				CLANG_WARN_SUSPICIOUS_MOVES = YES;
				CLANG_WARN_UNREACHABLE_CODE = YES;
				CLANG_WARN__DUPLICATE_METHOD_MATCH = YES;
				"CODE_SIGN_IDENTITY[sdk=iphoneos*]" = "iPhone Developer";
				COPY_PHASE_STRIP = NO;
				DEBUG_INFORMATION_FORMAT = dwarf;
				ENABLE_STRICT_OBJC_MSGSEND = YES;
				ENABLE_TESTABILITY = YES;
				GCC_C_LANGUAGE_STANDARD = gnu99;
				GCC_DYNAMIC_NO_PIC = NO;
				GCC_NO_COMMON_BLOCKS = YES;
				GCC_OPTIMIZATION_LEVEL = 0;
				GCC_PREPROCESSOR_DEFINITIONS = (
					"DEBUG=1",
					"$(inherited)",
				);
				GCC_WARN_64_TO_32_BIT_CONVERSION = YES;
				GCC_WARN_ABOUT_RETURN_TYPE = YES_ERROR;
				GCC_WARN_UNDECLARED_SELECTOR = YES;
				GCC_WARN_UNINITIALIZED_AUTOS = YES_AGGRESSIVE;
				GCC_WARN_UNUSED_FUNCTION = YES;
				GCC_WARN_UNUSED_VARIABLE = YES;
				IPHONEOS_DEPLOYMENT_TARGET = 10.0;
				MTL_ENABLE_DEBUG_INFO = YES;
				ONLY_ACTIVE_ARCH = YES;
				SDKROOT = iphoneos;
				SWIFT_ACTIVE_COMPILATION_CONDITIONS = DEBUG;
				SWIFT_OPTIMIZATION_LEVEL = "-Onone";
			};
			name = Debug;
		};
		252246031DB820A40011E4AB /* Release */ = {
			isa = XCBuildConfiguration;
			buildSettings = {
				ALWAYS_SEARCH_USER_PATHS = NO;
				CLANG_ANALYZER_NONNULL = YES;
				CLANG_CXX_LANGUAGE_STANDARD = "gnu++0x";
				CLANG_CXX_LIBRARY = "libc++";
				CLANG_ENABLE_MODULES = YES;
				CLANG_ENABLE_OBJC_ARC = YES;
				CLANG_WARN_BOOL_CONVERSION = YES;
				CLANG_WARN_CONSTANT_CONVERSION = YES;
				CLANG_WARN_DIRECT_OBJC_ISA_USAGE = YES_ERROR;
				CLANG_WARN_DOCUMENTATION_COMMENTS = YES;
				CLANG_WARN_EMPTY_BODY = YES;
				CLANG_WARN_ENUM_CONVERSION = YES;
				CLANG_WARN_INFINITE_RECURSION = YES;
				CLANG_WARN_INT_CONVERSION = YES;
				CLANG_WARN_OBJC_ROOT_CLASS = YES_ERROR;
				CLANG_WARN_SUSPICIOUS_MOVES = YES;
				CLANG_WARN_UNREACHABLE_CODE = YES;
				CLANG_WARN__DUPLICATE_METHOD_MATCH = YES;
				"CODE_SIGN_IDENTITY[sdk=iphoneos*]" = "iPhone Developer";
				COPY_PHASE_STRIP = NO;
				DEBUG_INFORMATION_FORMAT = "dwarf-with-dsym";
				ENABLE_NS_ASSERTIONS = NO;
				ENABLE_STRICT_OBJC_MSGSEND = YES;
				GCC_C_LANGUAGE_STANDARD = gnu99;
				GCC_NO_COMMON_BLOCKS = YES;
				GCC_WARN_64_TO_32_BIT_CONVERSION = YES;
				GCC_WARN_ABOUT_RETURN_TYPE = YES_ERROR;
				GCC_WARN_UNDECLARED_SELECTOR = YES;
				GCC_WARN_UNINITIALIZED_AUTOS = YES_AGGRESSIVE;
				GCC_WARN_UNUSED_FUNCTION = YES;
				GCC_WARN_UNUSED_VARIABLE = YES;
				IPHONEOS_DEPLOYMENT_TARGET = 10.0;
				MTL_ENABLE_DEBUG_INFO = NO;
				SDKROOT = iphoneos;
				SWIFT_OPTIMIZATION_LEVEL = "-Owholemodule";
				VALIDATE_PRODUCT = YES;
			};
			name = Release;
		};
		252246051DB820A40011E4AB /* Debug */ = {
			isa = XCBuildConfiguration;
			buildSettings = {
				ASSETCATALOG_COMPILER_APPICON_NAME = AppIcon;
				DEVELOPMENT_TEAM = L7CKYAX7A4;
				INFOPLIST_FILE = Pholo/Info.plist;
				LD_RUNPATH_SEARCH_PATHS = "$(inherited) @executable_path/Frameworks";
				PRODUCT_BUNDLE_IDENTIFIER = edu.academyofarts.Pholo;
				PRODUCT_NAME = "$(TARGET_NAME)";
				SWIFT_VERSION = 3.0;
			};
			name = Debug;
		};
		252246061DB820A40011E4AB /* Release */ = {
			isa = XCBuildConfiguration;
			buildSettings = {
				ASSETCATALOG_COMPILER_APPICON_NAME = AppIcon;
				DEVELOPMENT_TEAM = L7CKYAX7A4;
				INFOPLIST_FILE = Pholo/Info.plist;
				LD_RUNPATH_SEARCH_PATHS = "$(inherited) @executable_path/Frameworks";
				PRODUCT_BUNDLE_IDENTIFIER = edu.academyofarts.Pholo;
				PRODUCT_NAME = "$(TARGET_NAME)";
				SWIFT_VERSION = 3.0;
			};
			name = Release;
		};
/* End XCBuildConfiguration section */

/* Begin XCConfigurationList section */
		252245ED1DB820A40011E4AB /* Build configuration list for PBXProject "Pholo" */ = {
			isa = XCConfigurationList;
			buildConfigurations = (
				252246021DB820A40011E4AB /* Debug */,
				252246031DB820A40011E4AB /* Release */,
			);
			defaultConfigurationIsVisible = 0;
			defaultConfigurationName = Release;
		};
		252246041DB820A40011E4AB /* Build configuration list for PBXNativeTarget "Pholo" */ = {
			isa = XCConfigurationList;
			buildConfigurations = (
				252246051DB820A40011E4AB /* Debug */,
				252246061DB820A40011E4AB /* Release */,
			);
			defaultConfigurationIsVisible = 0;
			defaultConfigurationName = Release;
		};
/* End XCConfigurationList section */
	};
	rootObject = 252245EA1DB820A40011E4AB /* Project object */;
}
